// !$*UTF8*$!
{
	archiveVersion = 1;
	classes = {
	};
	objectVersion = 56;
	objects = {

/* Begin PBXBuildFile section */
		B92063412C13B8D00090C6E4 /* ContentView.swift in Sources */ = {isa = PBXBuildFile; fileRef = B92063402C13B8D00090C6E4 /* ContentView.swift */; };
		B92063432C13B9510090C6E4 /* SearchView.swift in Sources */ = {isa = PBXBuildFile; fileRef = B92063422C13B9510090C6E4 /* SearchView.swift */; };
		B92063452C13B96E0090C6E4 /* FavoritesView.swift in Sources */ = {isa = PBXBuildFile; fileRef = B92063442C13B96E0090C6E4 /* FavoritesView.swift */; };
		DA5355532C12AB1200D5B042 /* HomeView.swift in Sources */ = {isa = PBXBuildFile; fileRef = DA5355522C12AB1200D5B042 /* HomeView.swift */; };
		DA5355552C12B58A00D5B042 /* Models.swift in Sources */ = {isa = PBXBuildFile; fileRef = DA5355542C12B58A00D5B042 /* Models.swift */; };
		DA5355572C12B6C400D5B042 /* ViewModels.swift in Sources */ = {isa = PBXBuildFile; fileRef = DA5355562C12B6C400D5B042 /* ViewModels.swift */; };
		DA5355592C13802100D5B042 /* APIEndpoints.swift in Sources */ = {isa = PBXBuildFile; fileRef = DA5355582C13802100D5B042 /* APIEndpoints.swift */; };
		DA53555B2C1393F900D5B042 /* StockDetailView.swift in Sources */ = {isa = PBXBuildFile; fileRef = DA53555A2C1393F900D5B042 /* StockDetailView.swift */; };
		DA53555F2C155E2B00D5B042 /* NoDataPartial.swift in Sources */ = {isa = PBXBuildFile; fileRef = DA53555E2C155E2B00D5B042 /* NoDataPartial.swift */; };
		DA602FF42BF8E62000C5FA83 /* Stock_PulseApp.swift in Sources */ = {isa = PBXBuildFile; fileRef = DA602FF32BF8E62000C5FA83 /* Stock_PulseApp.swift */; };
		DA602FF82BF8E62300C5FA83 /* Assets.xcassets in Resources */ = {isa = PBXBuildFile; fileRef = DA602FF72BF8E62300C5FA83 /* Assets.xcassets */; };
		DA602FFB2BF8E62300C5FA83 /* Preview Assets.xcassets in Resources */ = {isa = PBXBuildFile; fileRef = DA602FFA2BF8E62300C5FA83 /* Preview Assets.xcassets */; };
		DAECC9D52C1B7EAF00DDF36D /* StockGraphsView.swift in Sources */ = {isa = PBXBuildFile; fileRef = DAECC9D42C1B7EAF00DDF36D /* StockGraphsView.swift */; };
/* End PBXBuildFile section */

/* Begin PBXFileReference section */
		B92063402C13B8D00090C6E4 /* ContentView.swift */ = {isa = PBXFileReference; lastKnownFileType = sourcecode.swift; path = ContentView.swift; sourceTree = "<group>"; };
		B92063422C13B9510090C6E4 /* SearchView.swift */ = {isa = PBXFileReference; lastKnownFileType = sourcecode.swift; path = SearchView.swift; sourceTree = "<group>"; };
		B92063442C13B96E0090C6E4 /* FavoritesView.swift */ = {isa = PBXFileReference; lastKnownFileType = sourcecode.swift; path = FavoritesView.swift; sourceTree = "<group>"; };
		DA5355522C12AB1200D5B042 /* HomeView.swift */ = {isa = PBXFileReference; lastKnownFileType = sourcecode.swift; path = HomeView.swift; sourceTree = "<group>"; };
		DA5355542C12B58A00D5B042 /* Models.swift */ = {isa = PBXFileReference; lastKnownFileType = sourcecode.swift; path = Models.swift; sourceTree = "<group>"; };
		DA5355562C12B6C400D5B042 /* ViewModels.swift */ = {isa = PBXFileReference; lastKnownFileType = sourcecode.swift; path = ViewModels.swift; sourceTree = "<group>"; };
		DA5355582C13802100D5B042 /* APIEndpoints.swift */ = {isa = PBXFileReference; lastKnownFileType = sourcecode.swift; path = APIEndpoints.swift; sourceTree = "<group>"; };
		DA53555A2C1393F900D5B042 /* StockDetailView.swift */ = {isa = PBXFileReference; lastKnownFileType = sourcecode.swift; path = StockDetailView.swift; sourceTree = "<group>"; };
		DA53555E2C155E2B00D5B042 /* NoDataPartial.swift */ = {isa = PBXFileReference; lastKnownFileType = sourcecode.swift; path = NoDataPartial.swift; sourceTree = "<group>"; };
		DA602FF02BF8E62000C5FA83 /* Stock Pulse.app */ = {isa = PBXFileReference; explicitFileType = wrapper.application; includeInIndex = 0; path = "Stock Pulse.app"; sourceTree = BUILT_PRODUCTS_DIR; };
		DA602FF32BF8E62000C5FA83 /* Stock_PulseApp.swift */ = {isa = PBXFileReference; lastKnownFileType = sourcecode.swift; path = Stock_PulseApp.swift; sourceTree = "<group>"; };
		DA602FF72BF8E62300C5FA83 /* Assets.xcassets */ = {isa = PBXFileReference; lastKnownFileType = folder.assetcatalog; path = Assets.xcassets; sourceTree = "<group>"; };
		DA602FFA2BF8E62300C5FA83 /* Preview Assets.xcassets */ = {isa = PBXFileReference; lastKnownFileType = folder.assetcatalog; path = "Preview Assets.xcassets"; sourceTree = "<group>"; };
		DAECC9D42C1B7EAF00DDF36D /* StockGraphsView.swift */ = {isa = PBXFileReference; lastKnownFileType = sourcecode.swift; path = StockGraphsView.swift; sourceTree = "<group>"; };
/* End PBXFileReference section */

/* Begin PBXFrameworksBuildPhase section */
		DA602FED2BF8E62000C5FA83 /* Frameworks */ = {
			isa = PBXFrameworksBuildPhase;
			buildActionMask = 2147483647;
			files = (
			);
			runOnlyForDeploymentPostprocessing = 0;
		};
/* End PBXFrameworksBuildPhase section */

/* Begin PBXGroup section */
		DA602FE72BF8E62000C5FA83 = {
			isa = PBXGroup;
			children = (
				DA602FF22BF8E62000C5FA83 /* Stock Pulse */,
				DA602FF12BF8E62000C5FA83 /* Products */,
			);
			sourceTree = "<group>";
		};
		DA602FF12BF8E62000C5FA83 /* Products */ = {
			isa = PBXGroup;
			children = (
				DA602FF02BF8E62000C5FA83 /* Stock Pulse.app */,
			);
			name = Products;
			sourceTree = "<group>";
		};
		DA602FF22BF8E62000C5FA83 /* Stock Pulse */ = {
			isa = PBXGroup;
			children = (
				DA602FF32BF8E62000C5FA83 /* Stock_PulseApp.swift */,
				DA5355522C12AB1200D5B042 /* HomeView.swift */,
				DA602FF72BF8E62300C5FA83 /* Assets.xcassets */,
				DA602FF92BF8E62300C5FA83 /* Preview Content */,
				DA5355542C12B58A00D5B042 /* Models.swift */,
				DA5355562C12B6C400D5B042 /* ViewModels.swift */,
				DA5355582C13802100D5B042 /* APIEndpoints.swift */,
				DA53555A2C1393F900D5B042 /* StockDetailView.swift */,
				B92063402C13B8D00090C6E4 /* ContentView.swift */,
				B92063422C13B9510090C6E4 /* SearchView.swift */,
				B92063442C13B96E0090C6E4 /* FavoritesView.swift */,
				DA53555E2C155E2B00D5B042 /* NoDataPartial.swift */,
				DAECC9D42C1B7EAF00DDF36D /* StockGraphsView.swift */,
			);
			path = "Stock Pulse";
			sourceTree = "<group>";
		};
		DA602FF92BF8E62300C5FA83 /* Preview Content */ = {
			isa = PBXGroup;
			children = (
				DA602FFA2BF8E62300C5FA83 /* Preview Assets.xcassets */,
			);
			path = "Preview Content";
			sourceTree = "<group>";
		};
/* End PBXGroup section */

/* Begin PBXNativeTarget section */
		DA602FEF2BF8E62000C5FA83 /* Stock Pulse */ = {
			isa = PBXNativeTarget;
			buildConfigurationList = DA6030032BF8E62300C5FA83 /* Build configuration list for PBXNativeTarget "Stock Pulse" */;
			buildPhases = (
				DA602FEC2BF8E62000C5FA83 /* Sources */,
				DA602FED2BF8E62000C5FA83 /* Frameworks */,
				DA602FEE2BF8E62000C5FA83 /* Resources */,
			);
			buildRules = (
			);
			dependencies = (
			);
			name = "Stock Pulse";
			productName = "Stock Pulse";
			productReference = DA602FF02BF8E62000C5FA83 /* Stock Pulse.app */;
			productType = "com.apple.product-type.application";
		};
/* End PBXNativeTarget section */

/* Begin PBXProject section */
		DA602FE82BF8E62000C5FA83 /* Project object */ = {
			isa = PBXProject;
			attributes = {
				BuildIndependentTargetsInParallel = 1;
				LastSwiftUpdateCheck = 1540;
				LastUpgradeCheck = 1540;
				TargetAttributes = {
					DA602FEF2BF8E62000C5FA83 = {
						CreatedOnToolsVersion = 15.4;
					};
				};
			};
			buildConfigurationList = DA602FEB2BF8E62000C5FA83 /* Build configuration list for PBXProject "Stock Pulse" */;
			compatibilityVersion = "Xcode 14.0";
			developmentRegion = en;
			hasScannedForEncodings = 0;
			knownRegions = (
				en,
				Base,
			);
			mainGroup = DA602FE72BF8E62000C5FA83;
			productRefGroup = DA602FF12BF8E62000C5FA83 /* Products */;
			projectDirPath = "";
			projectRoot = "";
			targets = (
				DA602FEF2BF8E62000C5FA83 /* Stock Pulse */,
			);
		};
/* End PBXProject section */

/* Begin PBXResourcesBuildPhase section */
		DA602FEE2BF8E62000C5FA83 /* Resources */ = {
			isa = PBXResourcesBuildPhase;
			buildActionMask = 2147483647;
			files = (
				DA602FFB2BF8E62300C5FA83 /* Preview Assets.xcassets in Resources */,
				DA602FF82BF8E62300C5FA83 /* Assets.xcassets in Resources */,
			);
			runOnlyForDeploymentPostprocessing = 0;
		};
/* End PBXResourcesBuildPhase section */

/* Begin PBXSourcesBuildPhase section */
		DA602FEC2BF8E62000C5FA83 /* Sources */ = {
			isa = PBXSourcesBuildPhase;
			buildActionMask = 2147483647;
			files = (
				DA5355592C13802100D5B042 /* APIEndpoints.swift in Sources */,
				DA5355552C12B58A00D5B042 /* Models.swift in Sources */,
				B92063412C13B8D00090C6E4 /* ContentView.swift in Sources */,
				DA5355532C12AB1200D5B042 /* HomeView.swift in Sources */,
				DA53555F2C155E2B00D5B042 /* NoDataPartial.swift in Sources */,
				B92063432C13B9510090C6E4 /* SearchView.swift in Sources */,
				DA5355572C12B6C400D5B042 /* ViewModels.swift in Sources */,
				DA53555B2C1393F900D5B042 /* StockDetailView.swift in Sources */,
				DA602FF42BF8E62000C5FA83 /* Stock_PulseApp.swift in Sources */,
				DAECC9D52C1B7EAF00DDF36D /* StockGraphsView.swift in Sources */,
				B92063452C13B96E0090C6E4 /* FavoritesView.swift in Sources */,
			);
			runOnlyForDeploymentPostprocessing = 0;
		};
/* End PBXSourcesBuildPhase section */

/* Begin XCBuildConfiguration section */
		DA6030012BF8E62300C5FA83 /* Debug */ = {
			isa = XCBuildConfiguration;
			buildSettings = {
				ALWAYS_SEARCH_USER_PATHS = NO;
				ASSETCATALOG_COMPILER_GENERATE_SWIFT_ASSET_SYMBOL_EXTENSIONS = YES;
				CLANG_ANALYZER_NONNULL = YES;
				CLANG_ANALYZER_NUMBER_OBJECT_CONVERSION = YES_AGGRESSIVE;
				CLANG_CXX_LANGUAGE_STANDARD = "gnu++20";
				CLANG_ENABLE_MODULES = YES;
				CLANG_ENABLE_OBJC_ARC = YES;
				CLANG_ENABLE_OBJC_WEAK = YES;
				CLANG_WARN_BLOCK_CAPTURE_AUTORELEASING = YES;
				CLANG_WARN_BOOL_CONVERSION = YES;
				CLANG_WARN_COMMA = YES;
				CLANG_WARN_CONSTANT_CONVERSION = YES;
				CLANG_WARN_DEPRECATED_OBJC_IMPLEMENTATIONS = YES;
				CLANG_WARN_DIRECT_OBJC_ISA_USAGE = YES_ERROR;
				CLANG_WARN_DOCUMENTATION_COMMENTS = YES;
				CLANG_WARN_EMPTY_BODY = YES;
				CLANG_WARN_ENUM_CONVERSION = YES;
				CLANG_WARN_INFINITE_RECURSION = YES;
				CLANG_WARN_INT_CONVERSION = YES;
				CLANG_WARN_NON_LITERAL_NULL_CONVERSION = YES;
				CLANG_WARN_OBJC_IMPLICIT_RETAIN_SELF = YES;
				CLANG_WARN_OBJC_LITERAL_CONVERSION = YES;
				CLANG_WARN_OBJC_ROOT_CLASS = YES_ERROR;
				CLANG_WARN_QUOTED_INCLUDE_IN_FRAMEWORK_HEADER = YES;
				CLANG_WARN_RANGE_LOOP_ANALYSIS = YES;
				CLANG_WARN_STRICT_PROTOTYPES = YES;
				CLANG_WARN_SUSPICIOUS_MOVE = YES;
				CLANG_WARN_UNGUARDED_AVAILABILITY = YES_AGGRESSIVE;
				CLANG_WARN_UNREACHABLE_CODE = YES;
				CLANG_WARN__DUPLICATE_METHOD_MATCH = YES;
				COPY_PHASE_STRIP = NO;
				DEBUG_INFORMATION_FORMAT = dwarf;
				ENABLE_STRICT_OBJC_MSGSEND = YES;
				ENABLE_TESTABILITY = YES;
				ENABLE_USER_SCRIPT_SANDBOXING = YES;
				GCC_C_LANGUAGE_STANDARD = gnu17;
				GCC_DYNAMIC_NO_PIC = NO;
				GCC_NO_COMMON_BLOCKS = YES;
				GCC_OPTIMIZATION_LEVEL = 0;
				GCC_PREPROCESSOR_DEFINITIONS = (
					"DEBUG=1",
					"$(inherited)",
				);
				GCC_WARN_64_TO_32_BIT_CONVERSION = YES;
				GCC_WARN_ABOUT_RETURN_TYPE = YES_ERROR;
				GCC_WARN_UNDECLARED_SELECTOR = YES;
				GCC_WARN_UNINITIALIZED_AUTOS = YES_AGGRESSIVE;
				GCC_WARN_UNUSED_FUNCTION = YES;
				GCC_WARN_UNUSED_VARIABLE = YES;
				IPHONEOS_DEPLOYMENT_TARGET = 17.5;
				LOCALIZATION_PREFERS_STRING_CATALOGS = YES;
				MTL_ENABLE_DEBUG_INFO = INCLUDE_SOURCE;
				MTL_FAST_MATH = YES;
				ONLY_ACTIVE_ARCH = YES;
				SDKROOT = iphoneos;
				SWIFT_ACTIVE_COMPILATION_CONDITIONS = "DEBUG $(inherited)";
				SWIFT_OPTIMIZATION_LEVEL = "-Onone";
			};
			name = Debug;
		};
		DA6030022BF8E62300C5FA83 /* Release */ = {
			isa = XCBuildConfiguration;
			buildSettings = {
				ALWAYS_SEARCH_USER_PATHS = NO;
				ASSETCATALOG_COMPILER_GENERATE_SWIFT_ASSET_SYMBOL_EXTENSIONS = YES;
				CLANG_ANALYZER_NONNULL = YES;
				CLANG_ANALYZER_NUMBER_OBJECT_CONVERSION = YES_AGGRESSIVE;
				CLANG_CXX_LANGUAGE_STANDARD = "gnu++20";
				CLANG_ENABLE_MODULES = YES;
				CLANG_ENABLE_OBJC_ARC = YES;
				CLANG_ENABLE_OBJC_WEAK = YES;
				CLANG_WARN_BLOCK_CAPTURE_AUTORELEASING = YES;
				CLANG_WARN_BOOL_CONVERSION = YES;
				CLANG_WARN_COMMA = YES;
				CLANG_WARN_CONSTANT_CONVERSION = YES;
				CLANG_WARN_DEPRECATED_OBJC_IMPLEMENTATIONS = YES;
				CLANG_WARN_DIRECT_OBJC_ISA_USAGE = YES_ERROR;
				CLANG_WARN_DOCUMENTATION_COMMENTS = YES;
				CLANG_WARN_EMPTY_BODY = YES;
				CLANG_WARN_ENUM_CONVERSION = YES;
				CLANG_WARN_INFINITE_RECURSION = YES;
				CLANG_WARN_INT_CONVERSION = YES;
				CLANG_WARN_NON_LITERAL_NULL_CONVERSION = YES;
				CLANG_WARN_OBJC_IMPLICIT_RETAIN_SELF = YES;
				CLANG_WARN_OBJC_LITERAL_CONVERSION = YES;
				CLANG_WARN_OBJC_ROOT_CLASS = YES_ERROR;
				CLANG_WARN_QUOTED_INCLUDE_IN_FRAMEWORK_HEADER = YES;
				CLANG_WARN_RANGE_LOOP_ANALYSIS = YES;
				CLANG_WARN_STRICT_PROTOTYPES = YES;
				CLANG_WARN_SUSPICIOUS_MOVE = YES;
				CLANG_WARN_UNGUARDED_AVAILABILITY = YES_AGGRESSIVE;
				CLANG_WARN_UNREACHABLE_CODE = YES;
				CLANG_WARN__DUPLICATE_METHOD_MATCH = YES;
				COPY_PHASE_STRIP = NO;
				DEBUG_INFORMATION_FORMAT = "dwarf-with-dsym";
				ENABLE_NS_ASSERTIONS = NO;
				ENABLE_STRICT_OBJC_MSGSEND = YES;
				ENABLE_USER_SCRIPT_SANDBOXING = YES;
				GCC_C_LANGUAGE_STANDARD = gnu17;
				GCC_NO_COMMON_BLOCKS = YES;
				GCC_WARN_64_TO_32_BIT_CONVERSION = YES;
				GCC_WARN_ABOUT_RETURN_TYPE = YES_ERROR;
				GCC_WARN_UNDECLARED_SELECTOR = YES;
				GCC_WARN_UNINITIALIZED_AUTOS = YES_AGGRESSIVE;
				GCC_WARN_UNUSED_FUNCTION = YES;
				GCC_WARN_UNUSED_VARIABLE = YES;
				IPHONEOS_DEPLOYMENT_TARGET = 17.5;
				LOCALIZATION_PREFERS_STRING_CATALOGS = YES;
				MTL_ENABLE_DEBUG_INFO = NO;
				MTL_FAST_MATH = YES;
				SDKROOT = iphoneos;
				SWIFT_COMPILATION_MODE = wholemodule;
				VALIDATE_PRODUCT = YES;
			};
			name = Release;
		};
		DA6030042BF8E62300C5FA83 /* Debug */ = {
			isa = XCBuildConfiguration;
			buildSettings = {
				ASSETCATALOG_COMPILER_APPICON_NAME = AppIcon;
				ASSETCATALOG_COMPILER_GLOBAL_ACCENT_COLOR_NAME = AccentColor;
				CODE_SIGN_STYLE = Automatic;
				CURRENT_PROJECT_VERSION = 1;
				DEVELOPMENT_ASSET_PATHS = "\"Stock Pulse/Preview Content\"";
				ENABLE_PREVIEWS = YES;
				GENERATE_INFOPLIST_FILE = YES;
				INFOPLIST_KEY_UIApplicationSceneManifest_Generation = YES;
				INFOPLIST_KEY_UIApplicationSupportsIndirectInputEvents = YES;
				INFOPLIST_KEY_UILaunchScreen_Generation = YES;
				INFOPLIST_KEY_UISupportedInterfaceOrientations_iPad = "UIInterfaceOrientationPortrait UIInterfaceOrientationPortraitUpsideDown UIInterfaceOrientationLandscapeLeft UIInterfaceOrientationLandscapeRight";
				INFOPLIST_KEY_UISupportedInterfaceOrientations_iPhone = "UIInterfaceOrientationPortrait UIInterfaceOrientationLandscapeLeft UIInterfaceOrientationLandscapeRight";
				LD_RUNPATH_SEARCH_PATHS = (
					"$(inherited)",
					"@executable_path/Frameworks",
				);
				MARKETING_VERSION = 1.0;
				PRODUCT_BUNDLE_IDENTIFIER = "com.example.s2g3.Stock-Pulse";
				PRODUCT_NAME = "$(TARGET_NAME)";
				SWIFT_EMIT_LOC_STRINGS = YES;
				SWIFT_VERSION = 5.0;
				TARGETED_DEVICE_FAMILY = "1,2";
			};
			name = Debug;
		};
		DA6030052BF8E62300C5FA83 /* Release */ = {
			isa = XCBuildConfiguration;
			buildSettings = {
				ASSETCATALOG_COMPILER_APPICON_NAME = AppIcon;
				ASSETCATALOG_COMPILER_GLOBAL_ACCENT_COLOR_NAME = AccentColor;
				CODE_SIGN_STYLE = Automatic;
				CURRENT_PROJECT_VERSION = 1;
				DEVELOPMENT_ASSET_PATHS = "\"Stock Pulse/Preview Content\"";
				ENABLE_PREVIEWS = YES;
				GENERATE_INFOPLIST_FILE = YES;
				INFOPLIST_KEY_UIApplicationSceneManifest_Generation = YES;
				INFOPLIST_KEY_UIApplicationSupportsIndirectInputEvents = YES;
				INFOPLIST_KEY_UILaunchScreen_Generation = YES;
				INFOPLIST_KEY_UISupportedInterfaceOrientations_iPad = "UIInterfaceOrientationPortrait UIInterfaceOrientationPortraitUpsideDown UIInterfaceOrientationLandscapeLeft UIInterfaceOrientationLandscapeRight";
				INFOPLIST_KEY_UISupportedInterfaceOrientations_iPhone = "UIInterfaceOrientationPortrait UIInterfaceOrientationLandscapeLeft UIInterfaceOrientationLandscapeRight";
				LD_RUNPATH_SEARCH_PATHS = (
					"$(inherited)",
					"@executable_path/Frameworks",
				);
				MARKETING_VERSION = 1.0;
				PRODUCT_BUNDLE_IDENTIFIER = "com.example.s2g3.Stock-Pulse";
				PRODUCT_NAME = "$(TARGET_NAME)";
				SWIFT_EMIT_LOC_STRINGS = YES;
				SWIFT_VERSION = 5.0;
				TARGETED_DEVICE_FAMILY = "1,2";
			};
			name = Release;
		};
/* End XCBuildConfiguration section */

/* Begin XCConfigurationList section */
		DA602FEB2BF8E62000C5FA83 /* Build configuration list for PBXProject "Stock Pulse" */ = {
			isa = XCConfigurationList;
			buildConfigurations = (
				DA6030012BF8E62300C5FA83 /* Debug */,
				DA6030022BF8E62300C5FA83 /* Release */,
			);
			defaultConfigurationIsVisible = 0;
			defaultConfigurationName = Release;
		};
		DA6030032BF8E62300C5FA83 /* Build configuration list for PBXNativeTarget "Stock Pulse" */ = {
			isa = XCConfigurationList;
			buildConfigurations = (
				DA6030042BF8E62300C5FA83 /* Debug */,
				DA6030052BF8E62300C5FA83 /* Release */,
			);
			defaultConfigurationIsVisible = 0;
			defaultConfigurationName = Release;
		};
/* End XCConfigurationList section */
	};
	rootObject = DA602FE82BF8E62000C5FA83 /* Project object */;
}
